
Microsoft Visual Studio Solution File, Format Version 12.00
# Visual Studio 2012
Project("{FAE04EC0-301F-11D3-BF4B-00C04F79EFBC}") = "Vargas.Carla.2C", "Vargas.Carla.2C\Vargas.Carla.2C.csproj", "{482CD6B6-9192-4DD5-817E-AE25E01D70A6}"
EndProject
Project("{FAE04EC0-301F-11D3-BF4B-00C04F79EFBC}") = "Entidades", "Entidades\Entidades.csproj", "{704E1482-C75C-4F8E-8DF7-E711CF3CA2EF}"
EndProject
Project("{FAE04EC0-301F-11D3-BF4B-00C04F79EFBC}") = "Archivos", "Archivos\Archivos.csproj", "{D5593E9C-C3FA-4737-97CB-273E50C7F17A}"
EndProject
Project("{FAE04EC0-301F-11D3-BF4B-00C04F79EFBC}") = "TestConsola", "TestConsola\TestConsola.csproj", "{68B92790-3CD2-472A-AA18-885ECDC47329}"
EndProject
Global
	GlobalSection(SolutionConfigurationPlatforms) = preSolution
		Debug|Any CPU = Debug|Any CPU
		Release|Any CPU = Release|Any CPU
	EndGlobalSection
	GlobalSection(ProjectConfigurationPlatforms) = postSolution
		{482CD6B6-9192-4DD5-817E-AE25E01D70A6}.Debug|Any CPU.ActiveCfg = Debug|Any CPU
		{482CD6B6-9192-4DD5-817E-AE25E01D70A6}.Debug|Any CPU.Build.0 = Debug|Any CPU
		{482CD6B6-9192-4DD5-817E-AE25E01D70A6}.Release|Any CPU.ActiveCfg = Release|Any CPU
		{482CD6B6-9192-4DD5-817E-AE25E01D70A6}.Release|Any CPU.Build.0 = Release|Any CPU
		{704E1482-C75C-4F8E-8DF7-E711CF3CA2EF}.Debug|Any CPU.ActiveCfg = Debug|Any CPU
		{704E1482-C75C-4F8E-8DF7-E711CF3CA2EF}.Debug|Any CPU.Build.0 = Debug|Any CPU
		{704E1482-C75C-4F8E-8DF7-E711CF3CA2EF}.Release|Any CPU.ActiveCfg = Release|Any CPU
		{704E1482-C75C-4F8E-8DF7-E711CF3CA2EF}.Release|Any CPU.Build.0 = Release|Any CPU
		{D5593E9C-C3FA-4737-97CB-273E50C7F17A}.Debug|Any CPU.ActiveCfg = Debug|Any CPU
		{D5593E9C-C3FA-4737-97CB-273E50C7F17A}.Debug|Any CPU.Build.0 = Debug|Any CPU
		{D5593E9C-C3FA-4737-97CB-273E50C7F17A}.Release|Any CPU.ActiveCfg = Release|Any CPU
		{D5593E9C-C3FA-4737-97CB-273E50C7F17A}.Release|Any CPU.Build.0 = Release|Any CPU
		{68B92790-3CD2-472A-AA18-885ECDC47329}.Debug|Any CPU.ActiveCfg = Debug|Any CPU
		{68B92790-3CD2-472A-AA18-885ECDC47329}.Debug|Any CPU.Build.0 = Debug|Any CPU
		{68B92790-3CD2-472A-AA18-885ECDC47329}.Release|Any CPU.ActiveCfg = Release|Any CPU
		{68B92790-3CD2-472A-AA18-885ECDC47329}.Release|Any CPU.Build.0 = Release|Any CPU
	EndGlobalSection
	GlobalSection(SolutionProperties) = preSolution
		HideSolutionNode = FALSE
	EndGlobalSection
EndGlobal
